
Microsoft Visual Studio Solution File, Format Version 12.00
# Visual Studio Version 17
VisualStudioVersion = 17.6.33815.320
MinimumVisualStudioVersion = 10.0.40219.1
Project("{9A19103F-16F7-4668-BE54-9A1E7A4F7556}") = "ShowGroundEffects", "ShowGroundEffects.csproj", "{34CC39AB-F51C-457A-A791-200D17D35270}"
EndProject
Global
	GlobalSection(SolutionConfigurationPlatforms) = preSolution
		Debug|Any CPU = Debug|Any CPU
		Release|Any CPU = Release|Any CPU
	EndGlobalSection
	GlobalSection(ProjectConfigurationPlatforms) = postSolution
		{34CC39AB-F51C-457A-A791-200D17D35270}.Debug|Any CPU.ActiveCfg = Debug|Any CPU
		{34CC39AB-F51C-457A-A791-200D17D35270}.Debug|Any CPU.Build.0 = Debug|Any CPU
		{34CC39AB-F51C-457A-A791-200D17D35270}.Release|Any CPU.ActiveCfg = Release|Any CPU
		{34CC39AB-F51C-457A-A791-200D17D35270}.Release|Any CPU.Build.0 = Release|Any CPU
	EndGlobalSection
	GlobalSection(SolutionProperties) = preSolution
		HideSolutionNode = FALSE
	EndGlobalSection
	GlobalSection(ExtensibilityGlobals) = postSolution
		SolutionGuid = {AF58426A-0CE3-4AEF-B849-733FD0252152}
	EndGlobalSection
EndGlobal
